
Microsoft Visual Studio Solution File, Format Version 12.00
# Visual Studio 15
VisualStudioVersion = 15.0.28307.1259
MinimumVisualStudioVersion = 10.0.40219.1
Project("{FAE04EC0-301F-11D3-BF4B-00C04F79EFBC}") = "TradingCompany.DataAccess", "DataAccess\TradingCompany.DataAccess.csproj", "{BA99EECB-C060-429F-85B1-040CC208CD53}"
EndProject
Project("{FAE04EC0-301F-11D3-BF4B-00C04F79EFBC}") = "TradingCompany.BusinessLogic", "BusinessLogic\TradingCompany.BusinessLogic.csproj", "{4A022871-1D98-4089-8CE6-3BA9163993C7}"
EndProject
Project("{FAE04EC0-301F-11D3-BF4B-00C04F79EFBC}") = "TradingCompany.Program", "WindowsFormsApp1\TradingCompany.Program.csproj", "{3944D989-3E1A-4594-B6F1-D158CF1D0C22}"
EndProject
Global
	GlobalSection(SolutionConfigurationPlatforms) = preSolution
		Debug|Any CPU = Debug|Any CPU
		Release|Any CPU = Release|Any CPU
	EndGlobalSection
	GlobalSection(ProjectConfigurationPlatforms) = postSolution
		{BA99EECB-C060-429F-85B1-040CC208CD53}.Debug|Any CPU.ActiveCfg = Debug|Any CPU
		{BA99EECB-C060-429F-85B1-040CC208CD53}.Debug|Any CPU.Build.0 = Debug|Any CPU
		{BA99EECB-C060-429F-85B1-040CC208CD53}.Release|Any CPU.ActiveCfg = Release|Any CPU
		{BA99EECB-C060-429F-85B1-040CC208CD53}.Release|Any CPU.Build.0 = Release|Any CPU
		{4A022871-1D98-4089-8CE6-3BA9163993C7}.Debug|Any CPU.ActiveCfg = Debug|Any CPU
		{4A022871-1D98-4089-8CE6-3BA9163993C7}.Debug|Any CPU.Build.0 = Debug|Any CPU
		{4A022871-1D98-4089-8CE6-3BA9163993C7}.Release|Any CPU.ActiveCfg = Release|Any CPU
		{4A022871-1D98-4089-8CE6-3BA9163993C7}.Release|Any CPU.Build.0 = Release|Any CPU
		{3944D989-3E1A-4594-B6F1-D158CF1D0C22}.Debug|Any CPU.ActiveCfg = Debug|Any CPU
		{3944D989-3E1A-4594-B6F1-D158CF1D0C22}.Debug|Any CPU.Build.0 = Debug|Any CPU
		{3944D989-3E1A-4594-B6F1-D158CF1D0C22}.Release|Any CPU.ActiveCfg = Release|Any CPU
		{3944D989-3E1A-4594-B6F1-D158CF1D0C22}.Release|Any CPU.Build.0 = Release|Any CPU
	EndGlobalSection
	GlobalSection(SolutionProperties) = preSolution
		HideSolutionNode = FALSE
	EndGlobalSection
	GlobalSection(ExtensibilityGlobals) = postSolution
		SolutionGuid = {01D0BEB2-9BE6-4A6C-8663-E4EECDA9BBDD}
	EndGlobalSection
EndGlobal
